
Microsoft Visual Studio Solution File, Format Version 12.00
# Visual Studio Version 16
VisualStudioVersion = 16.0.30406.217
MinimumVisualStudioVersion = 10.0.40219.1
Project("{9A19103F-16F7-4668-BE54-9A1E7A4F7556}") = "01. Action Print", "01. Action Print\01. Action Print.csproj", "{9D9EF5C9-F420-4094-9894-880F324D935C}"
EndProject
Project("{9A19103F-16F7-4668-BE54-9A1E7A4F7556}") = "02. Knights of Honor", "02. Knights of Honor\02. Knights of Honor.csproj", "{9A851D32-6050-4D49-94C4-D3356F06C47C}"
EndProject
Project("{9A19103F-16F7-4668-BE54-9A1E7A4F7556}") = "03. Custom Min Function", "03. Custom Min Function\03. Custom Min Function.csproj", "{352DA5CC-EB06-41EA-A769-C5B6E842CD23}"
EndProject
Project("{9A19103F-16F7-4668-BE54-9A1E7A4F7556}") = "04. Find Evens or Odds", "04. Find Evens or Odds\04. Find Evens or Odds.csproj", "{E7642915-1195-4634-A5E0-47B2BD04F414}"
EndProject
Project("{9A19103F-16F7-4668-BE54-9A1E7A4F7556}") = "05. Applied Arithmetics", "05. Applied Arithmetics\05. Applied Arithmetics.csproj", "{6D031F1D-E7F4-4F43-A680-F0F7E953204C}"
EndProject
Project("{9A19103F-16F7-4668-BE54-9A1E7A4F7556}") = "06. Reverse And Exclude", "06. Reverse And Exclude\06. Reverse And Exclude.csproj", "{794AA45C-1997-4BAB-B3C9-B1C80EE7DFD7}"
EndProject
Project("{9A19103F-16F7-4668-BE54-9A1E7A4F7556}") = "07. Predicate For Names", "07. Predicate For Names\07. Predicate For Names.csproj", "{BB8488A7-61EB-4A77-A578-D8231CDDB5B2}"
EndProject
Project("{9A19103F-16F7-4668-BE54-9A1E7A4F7556}") = "08. Custom Comparator", "08. Custom Comparator\08. Custom Comparator.csproj", "{AC10AF83-4072-4733-826F-89BD73C8BA0E}"
EndProject
Project("{9A19103F-16F7-4668-BE54-9A1E7A4F7556}") = "09. List Of Predicates", "09. List Of Predicates\09. List Of Predicates.csproj", "{71D33AA4-17A5-4D88-A1E1-5BFEBCFA401A}"
EndProject
Project("{9A19103F-16F7-4668-BE54-9A1E7A4F7556}") = "10. Predicate Party!", "10. Predicate Party!\10. Predicate Party!.csproj", "{42CB63B0-C480-4DCD-A74C-B08C62D2FA51}"
EndProject
Project("{9A19103F-16F7-4668-BE54-9A1E7A4F7556}") = "11. The Party Reservation Filter Module", "11. The Party Reservation Filter Module\11. The Party Reservation Filter Module.csproj", "{05FB6511-EE23-458D-A212-F411D64B983B}"
EndProject
Project("{FAE04EC0-301F-11D3-BF4B-00C04F79EFBC}") = "12. TriFunction", "12. TriFunction\12. TriFunction.csproj", "{4D8BF1F4-B0E5-4589-B9A8-908A4A97D07F}"
EndProject
Global
	GlobalSection(SolutionConfigurationPlatforms) = preSolution
		Debug|Any CPU = Debug|Any CPU
		Release|Any CPU = Release|Any CPU
	EndGlobalSection
	GlobalSection(ProjectConfigurationPlatforms) = postSolution
		{9D9EF5C9-F420-4094-9894-880F324D935C}.Debug|Any CPU.ActiveCfg = Debug|Any CPU
		{9D9EF5C9-F420-4094-9894-880F324D935C}.Debug|Any CPU.Build.0 = Debug|Any CPU
		{9D9EF5C9-F420-4094-9894-880F324D935C}.Release|Any CPU.ActiveCfg = Release|Any CPU
		{9D9EF5C9-F420-4094-9894-880F324D935C}.Release|Any CPU.Build.0 = Release|Any CPU
		{9A851D32-6050-4D49-94C4-D3356F06C47C}.Debug|Any CPU.ActiveCfg = Debug|Any CPU
		{9A851D32-6050-4D49-94C4-D3356F06C47C}.Debug|Any CPU.Build.0 = Debug|Any CPU
		{9A851D32-6050-4D49-94C4-D3356F06C47C}.Release|Any CPU.ActiveCfg = Release|Any CPU
		{9A851D32-6050-4D49-94C4-D3356F06C47C}.Release|Any CPU.Build.0 = Release|Any CPU
		{352DA5CC-EB06-41EA-A769-C5B6E842CD23}.Debug|Any CPU.ActiveCfg = Debug|Any CPU
		{352DA5CC-EB06-41EA-A769-C5B6E842CD23}.Debug|Any CPU.Build.0 = Debug|Any CPU
		{352DA5CC-EB06-41EA-A769-C5B6E842CD23}.Release|Any CPU.ActiveCfg = Release|Any CPU
		{352DA5CC-EB06-41EA-A769-C5B6E842CD23}.Release|Any CPU.Build.0 = Release|Any CPU
		{E7642915-1195-4634-A5E0-47B2BD04F414}.Debug|Any CPU.ActiveCfg = Debug|Any CPU
		{E7642915-1195-4634-A5E0-47B2BD04F414}.Debug|Any CPU.Build.0 = Debug|Any CPU
		{E7642915-1195-4634-A5E0-47B2BD04F414}.Release|Any CPU.ActiveCfg = Release|Any CPU
		{E7642915-1195-4634-A5E0-47B2BD04F414}.Release|Any CPU.Build.0 = Release|Any CPU
		{6D031F1D-E7F4-4F43-A680-F0F7E953204C}.Debug|Any CPU.ActiveCfg = Debug|Any CPU
		{6D031F1D-E7F4-4F43-A680-F0F7E953204C}.Debug|Any CPU.Build.0 = Debug|Any CPU
		{6D031F1D-E7F4-4F43-A680-F0F7E953204C}.Release|Any CPU.ActiveCfg = Release|Any CPU
		{6D031F1D-E7F4-4F43-A680-F0F7E953204C}.Release|Any CPU.Build.0 = Release|Any CPU
		{794AA45C-1997-4BAB-B3C9-B1C80EE7DFD7}.Debug|Any CPU.ActiveCfg = Debug|Any CPU
		{794AA45C-1997-4BAB-B3C9-B1C80EE7DFD7}.Debug|Any CPU.Build.0 = Debug|Any CPU
		{794AA45C-1997-4BAB-B3C9-B1C80EE7DFD7}.Release|Any CPU.ActiveCfg = Release|Any CPU
		{794AA45C-1997-4BAB-B3C9-B1C80EE7DFD7}.Release|Any CPU.Build.0 = Release|Any CPU
		{BB8488A7-61EB-4A77-A578-D8231CDDB5B2}.Debug|Any CPU.ActiveCfg = Debug|Any CPU
		{BB8488A7-61EB-4A77-A578-D8231CDDB5B2}.Debug|Any CPU.Build.0 = Debug|Any CPU
		{BB8488A7-61EB-4A77-A578-D8231CDDB5B2}.Release|Any CPU.ActiveCfg = Release|Any CPU
		{BB8488A7-61EB-4A77-A578-D8231CDDB5B2}.Release|Any CPU.Build.0 = Release|Any CPU
		{AC10AF83-4072-4733-826F-89BD73C8BA0E}.Debug|Any CPU.ActiveCfg = Debug|Any CPU
		{AC10AF83-4072-4733-826F-89BD73C8BA0E}.Debug|Any CPU.Build.0 = Debug|Any CPU
		{AC10AF83-4072-4733-826F-89BD73C8BA0E}.Release|Any CPU.ActiveCfg = Release|Any CPU
		{AC10AF83-4072-4733-826F-89BD73C8BA0E}.Release|Any CPU.Build.0 = Release|Any CPU
		{71D33AA4-17A5-4D88-A1E1-5BFEBCFA401A}.Debug|Any CPU.ActiveCfg = Debug|Any CPU
		{71D33AA4-17A5-4D88-A1E1-5BFEBCFA401A}.Debug|Any CPU.Build.0 = Debug|Any CPU
		{71D33AA4-17A5-4D88-A1E1-5BFEBCFA401A}.Release|Any CPU.ActiveCfg = Release|Any CPU
		{71D33AA4-17A5-4D88-A1E1-5BFEBCFA401A}.Release|Any CPU.Build.0 = Release|Any CPU
		{42CB63B0-C480-4DCD-A74C-B08C62D2FA51}.Debug|Any CPU.ActiveCfg = Debug|Any CPU
		{42CB63B0-C480-4DCD-A74C-B08C62D2FA51}.Debug|Any CPU.Build.0 = Debug|Any CPU
		{42CB63B0-C480-4DCD-A74C-B08C62D2FA51}.Release|Any CPU.ActiveCfg = Release|Any CPU
		{42CB63B0-C480-4DCD-A74C-B08C62D2FA51}.Release|Any CPU.Build.0 = Release|Any CPU
		{05FB6511-EE23-458D-A212-F411D64B983B}.Debug|Any CPU.ActiveCfg = Debug|Any CPU
		{05FB6511-EE23-458D-A212-F411D64B983B}.Debug|Any CPU.Build.0 = Debug|Any CPU
		{05FB6511-EE23-458D-A212-F411D64B983B}.Release|Any CPU.ActiveCfg = Release|Any CPU
		{05FB6511-EE23-458D-A212-F411D64B983B}.Release|Any CPU.Build.0 = Release|Any CPU
		{4D8BF1F4-B0E5-4589-B9A8-908A4A97D07F}.Debug|Any CPU.ActiveCfg = Debug|Any CPU
		{4D8BF1F4-B0E5-4589-B9A8-908A4A97D07F}.Debug|Any CPU.Build.0 = Debug|Any CPU
		{4D8BF1F4-B0E5-4589-B9A8-908A4A97D07F}.Release|Any CPU.ActiveCfg = Release|Any CPU
		{4D8BF1F4-B0E5-4589-B9A8-908A4A97D07F}.Release|Any CPU.Build.0 = Release|Any CPU
	EndGlobalSection
	GlobalSection(SolutionProperties) = preSolution
		HideSolutionNode = FALSE
	EndGlobalSection
	GlobalSection(ExtensibilityGlobals) = postSolution
		SolutionGuid = {99D64ABE-77EC-4E50-9AD1-31C6EA99FD7B}
	EndGlobalSection
EndGlobal
