
Microsoft Visual Studio Solution File, Format Version 12.00
# Visual Studio Version 16
VisualStudioVersion = 16.0.30406.217
MinimumVisualStudioVersion = 10.0.40219.1
Project("{FAE04EC0-301F-11D3-BF4B-00C04F79EFBC}") = "Multidimensional Arrays Demo", "Multidimensional Arrays Demo\Multidimensional Arrays Demo.csproj", "{6BB320E1-71F0-4890-9558-D1B40CF0A228}"
EndProject
Global
	GlobalSection(SolutionConfigurationPlatforms) = preSolution
		Debug|Any CPU = Debug|Any CPU
		Release|Any CPU = Release|Any CPU
	EndGlobalSection
	GlobalSection(ProjectConfigurationPlatforms) = postSolution
		{6BB320E1-71F0-4890-9558-D1B40CF0A228}.Debug|Any CPU.ActiveCfg = Debug|Any CPU
		{6BB320E1-71F0-4890-9558-D1B40CF0A228}.Debug|Any CPU.Build.0 = Debug|Any CPU
		{6BB320E1-71F0-4890-9558-D1B40CF0A228}.Release|Any CPU.ActiveCfg = Release|Any CPU
		{6BB320E1-71F0-4890-9558-D1B40CF0A228}.Release|Any CPU.Build.0 = Release|Any CPU
	EndGlobalSection
	GlobalSection(SolutionProperties) = preSolution
		HideSolutionNode = FALSE
	EndGlobalSection
	GlobalSection(ExtensibilityGlobals) = postSolution
		SolutionGuid = {20F7FCED-DD54-4745-A042-68BC9BF0AF3D}
	EndGlobalSection
EndGlobal
