
Microsoft Visual Studio Solution File, Format Version 12.00
# Visual Studio Version 16
VisualStudioVersion = 16.0.30413.136
MinimumVisualStudioVersion = 10.0.40219.1
Project("{9A19103F-16F7-4668-BE54-9A1E7A4F7556}") = "P01.ListyIterator", "P01.ListyIterator\P01.ListyIterator.csproj", "{EB8D837E-41F7-4E47-B2FB-F631105D77BB}"
EndProject
Project("{9A19103F-16F7-4668-BE54-9A1E7A4F7556}") = "P03.Stack", "P03.Stack\P03.Stack.csproj", "{7F9E05D6-FD6C-41F5-B65B-EB118775CFFB}"
EndProject
Project("{FAE04EC0-301F-11D3-BF4B-00C04F79EFBC}") = "P04.Froggy", "P04.Froggy\P04.Froggy.csproj", "{9ADC96F6-753D-466A-9950-3CB879BDF34A}"
EndProject
Project("{FAE04EC0-301F-11D3-BF4B-00C04F79EFBC}") = "P05.ComparingObjects", "P05.ComparingObjects\P05.ComparingObjects.csproj", "{46A7BB2E-BD5B-443C-8B45-2147F9EA6138}"
EndProject
Project("{FAE04EC0-301F-11D3-BF4B-00C04F79EFBC}") = "P06.EqualityLogic", "P06.EqualityLogic\P06.EqualityLogic.csproj", "{B7A9A6B5-19DE-4D6E-901D-74CDF0C5AAE2}"
EndProject
Global
	GlobalSection(SolutionConfigurationPlatforms) = preSolution
		Debug|Any CPU = Debug|Any CPU
		Release|Any CPU = Release|Any CPU
	EndGlobalSection
	GlobalSection(ProjectConfigurationPlatforms) = postSolution
		{EB8D837E-41F7-4E47-B2FB-F631105D77BB}.Debug|Any CPU.ActiveCfg = Debug|Any CPU
		{EB8D837E-41F7-4E47-B2FB-F631105D77BB}.Debug|Any CPU.Build.0 = Debug|Any CPU
		{EB8D837E-41F7-4E47-B2FB-F631105D77BB}.Release|Any CPU.ActiveCfg = Release|Any CPU
		{EB8D837E-41F7-4E47-B2FB-F631105D77BB}.Release|Any CPU.Build.0 = Release|Any CPU
		{7F9E05D6-FD6C-41F5-B65B-EB118775CFFB}.Debug|Any CPU.ActiveCfg = Debug|Any CPU
		{7F9E05D6-FD6C-41F5-B65B-EB118775CFFB}.Debug|Any CPU.Build.0 = Debug|Any CPU
		{7F9E05D6-FD6C-41F5-B65B-EB118775CFFB}.Release|Any CPU.ActiveCfg = Release|Any CPU
		{7F9E05D6-FD6C-41F5-B65B-EB118775CFFB}.Release|Any CPU.Build.0 = Release|Any CPU
		{9ADC96F6-753D-466A-9950-3CB879BDF34A}.Debug|Any CPU.ActiveCfg = Debug|Any CPU
		{9ADC96F6-753D-466A-9950-3CB879BDF34A}.Debug|Any CPU.Build.0 = Debug|Any CPU
		{9ADC96F6-753D-466A-9950-3CB879BDF34A}.Release|Any CPU.ActiveCfg = Release|Any CPU
		{9ADC96F6-753D-466A-9950-3CB879BDF34A}.Release|Any CPU.Build.0 = Release|Any CPU
		{46A7BB2E-BD5B-443C-8B45-2147F9EA6138}.Debug|Any CPU.ActiveCfg = Debug|Any CPU
		{46A7BB2E-BD5B-443C-8B45-2147F9EA6138}.Debug|Any CPU.Build.0 = Debug|Any CPU
		{46A7BB2E-BD5B-443C-8B45-2147F9EA6138}.Release|Any CPU.ActiveCfg = Release|Any CPU
		{46A7BB2E-BD5B-443C-8B45-2147F9EA6138}.Release|Any CPU.Build.0 = Release|Any CPU
		{B7A9A6B5-19DE-4D6E-901D-74CDF0C5AAE2}.Debug|Any CPU.ActiveCfg = Debug|Any CPU
		{B7A9A6B5-19DE-4D6E-901D-74CDF0C5AAE2}.Debug|Any CPU.Build.0 = Debug|Any CPU
		{B7A9A6B5-19DE-4D6E-901D-74CDF0C5AAE2}.Release|Any CPU.ActiveCfg = Release|Any CPU
		{B7A9A6B5-19DE-4D6E-901D-74CDF0C5AAE2}.Release|Any CPU.Build.0 = Release|Any CPU
	EndGlobalSection
	GlobalSection(SolutionProperties) = preSolution
		HideSolutionNode = FALSE
	EndGlobalSection
	GlobalSection(ExtensibilityGlobals) = postSolution
		SolutionGuid = {033D1505-C230-4920-AC69-0E03EC045A68}
	EndGlobalSection
EndGlobal
