
Microsoft Visual Studio Solution File, Format Version 12.00
# Visual Studio Version 16
VisualStudioVersion = 16.0.30406.217
MinimumVisualStudioVersion = 10.0.40219.1
Project("{FAE04EC0-301F-11D3-BF4B-00C04F79EFBC}") = "Streams, Files and Directories - Demo", "Streams, Files and Directories - Demo\Streams, Files and Directories - Demo.csproj", "{92A0AF8B-C92A-401D-855E-418BE4A1D42F}"
EndProject
Global
	GlobalSection(SolutionConfigurationPlatforms) = preSolution
		Debug|Any CPU = Debug|Any CPU
		Release|Any CPU = Release|Any CPU
	EndGlobalSection
	GlobalSection(ProjectConfigurationPlatforms) = postSolution
		{92A0AF8B-C92A-401D-855E-418BE4A1D42F}.Debug|Any CPU.ActiveCfg = Debug|Any CPU
		{92A0AF8B-C92A-401D-855E-418BE4A1D42F}.Debug|Any CPU.Build.0 = Debug|Any CPU
		{92A0AF8B-C92A-401D-855E-418BE4A1D42F}.Release|Any CPU.ActiveCfg = Release|Any CPU
		{92A0AF8B-C92A-401D-855E-418BE4A1D42F}.Release|Any CPU.Build.0 = Release|Any CPU
	EndGlobalSection
	GlobalSection(SolutionProperties) = preSolution
		HideSolutionNode = FALSE
	EndGlobalSection
	GlobalSection(ExtensibilityGlobals) = postSolution
		SolutionGuid = {2297BDD4-FBD4-4F90-9F80-9CB3D3BFF67A}
	EndGlobalSection
EndGlobal
