
Microsoft Visual Studio Solution File, Format Version 12.00
# Visual Studio Version 16
VisualStudioVersion = 16.0.30309.148
MinimumVisualStudioVersion = 10.0.40219.1
Project("{FAE04EC0-301F-11D3-BF4B-00C04F79EFBC}") = "01. Activation Keys", "01. Activation Keys\01. Activation Keys.csproj", "{3B24C969-D00E-4984-9498-2B6DBC0EBAEF}"
EndProject
Project("{FAE04EC0-301F-11D3-BF4B-00C04F79EFBC}") = "02. Emoji Detector", "02. Emoji Detector\02. Emoji Detector.csproj", "{630BBF90-44EA-462C-BF5A-1AD71CF615DA}"
EndProject
Project("{FAE04EC0-301F-11D3-BF4B-00C04F79EFBC}") = "03. P!rates", "03. P!rates\03. P!rates.csproj", "{E045D48D-43AF-4ADE-9877-8B097AA24544}"
EndProject
Global
	GlobalSection(SolutionConfigurationPlatforms) = preSolution
		Debug|Any CPU = Debug|Any CPU
		Release|Any CPU = Release|Any CPU
	EndGlobalSection
	GlobalSection(ProjectConfigurationPlatforms) = postSolution
		{3B24C969-D00E-4984-9498-2B6DBC0EBAEF}.Debug|Any CPU.ActiveCfg = Debug|Any CPU
		{3B24C969-D00E-4984-9498-2B6DBC0EBAEF}.Debug|Any CPU.Build.0 = Debug|Any CPU
		{3B24C969-D00E-4984-9498-2B6DBC0EBAEF}.Release|Any CPU.ActiveCfg = Release|Any CPU
		{3B24C969-D00E-4984-9498-2B6DBC0EBAEF}.Release|Any CPU.Build.0 = Release|Any CPU
		{630BBF90-44EA-462C-BF5A-1AD71CF615DA}.Debug|Any CPU.ActiveCfg = Debug|Any CPU
		{630BBF90-44EA-462C-BF5A-1AD71CF615DA}.Debug|Any CPU.Build.0 = Debug|Any CPU
		{630BBF90-44EA-462C-BF5A-1AD71CF615DA}.Release|Any CPU.ActiveCfg = Release|Any CPU
		{630BBF90-44EA-462C-BF5A-1AD71CF615DA}.Release|Any CPU.Build.0 = Release|Any CPU
		{E045D48D-43AF-4ADE-9877-8B097AA24544}.Debug|Any CPU.ActiveCfg = Debug|Any CPU
		{E045D48D-43AF-4ADE-9877-8B097AA24544}.Debug|Any CPU.Build.0 = Debug|Any CPU
		{E045D48D-43AF-4ADE-9877-8B097AA24544}.Release|Any CPU.ActiveCfg = Release|Any CPU
		{E045D48D-43AF-4ADE-9877-8B097AA24544}.Release|Any CPU.Build.0 = Release|Any CPU
	EndGlobalSection
	GlobalSection(SolutionProperties) = preSolution
		HideSolutionNode = FALSE
	EndGlobalSection
	GlobalSection(ExtensibilityGlobals) = postSolution
		SolutionGuid = {8CE7A3E0-2559-4001-983F-F58EE4CEAE92}
	EndGlobalSection
EndGlobal
