
Microsoft Visual Studio Solution File, Format Version 12.00
# Visual Studio Version 16
VisualStudioVersion = 16.0.30309.148
MinimumVisualStudioVersion = 10.0.40219.1
Project("{9A19103F-16F7-4668-BE54-9A1E7A4F7556}") = "P01.Vehicles", "01.Vehicles\P01.Vehicles.csproj", "{229DB669-12FA-4543-83BE-3605B623D4A7}"
EndProject
Project("{FAE04EC0-301F-11D3-BF4B-00C04F79EFBC}") = "P02.VehiclesExtension", "P02.VehiclesExtension\P02.VehiclesExtension.csproj", "{B857801B-A253-44C3-8E5F-04FE5A639F8E}"
EndProject
Project("{FAE04EC0-301F-11D3-BF4B-00C04F79EFBC}") = "P03.Raiding", "P03.Raiding\P03.Raiding.csproj", "{8CF587E3-89BA-4773-AA0A-87B8CB398101}"
EndProject
Project("{FAE04EC0-301F-11D3-BF4B-00C04F79EFBC}") = "P03.Raiding(NoT mine)", "P03.Raiding(NoT mine)\P03.Raiding(NoT mine).csproj", "{1B4AA80C-DBEA-4682-965A-40AD2E671A4C}"
EndProject
Project("{FAE04EC0-301F-11D3-BF4B-00C04F79EFBC}") = "P04.WildFarm", "P04.WildFarm\P04.WildFarm.csproj", "{A12FD081-C81E-457C-967F-D84785662151}"
EndProject
Global
	GlobalSection(SolutionConfigurationPlatforms) = preSolution
		Debug|Any CPU = Debug|Any CPU
		Release|Any CPU = Release|Any CPU
	EndGlobalSection
	GlobalSection(ProjectConfigurationPlatforms) = postSolution
		{229DB669-12FA-4543-83BE-3605B623D4A7}.Debug|Any CPU.ActiveCfg = Debug|Any CPU
		{229DB669-12FA-4543-83BE-3605B623D4A7}.Debug|Any CPU.Build.0 = Debug|Any CPU
		{229DB669-12FA-4543-83BE-3605B623D4A7}.Release|Any CPU.ActiveCfg = Release|Any CPU
		{229DB669-12FA-4543-83BE-3605B623D4A7}.Release|Any CPU.Build.0 = Release|Any CPU
		{B857801B-A253-44C3-8E5F-04FE5A639F8E}.Debug|Any CPU.ActiveCfg = Debug|Any CPU
		{B857801B-A253-44C3-8E5F-04FE5A639F8E}.Debug|Any CPU.Build.0 = Debug|Any CPU
		{B857801B-A253-44C3-8E5F-04FE5A639F8E}.Release|Any CPU.ActiveCfg = Release|Any CPU
		{B857801B-A253-44C3-8E5F-04FE5A639F8E}.Release|Any CPU.Build.0 = Release|Any CPU
		{8CF587E3-89BA-4773-AA0A-87B8CB398101}.Debug|Any CPU.ActiveCfg = Debug|Any CPU
		{8CF587E3-89BA-4773-AA0A-87B8CB398101}.Debug|Any CPU.Build.0 = Debug|Any CPU
		{8CF587E3-89BA-4773-AA0A-87B8CB398101}.Release|Any CPU.ActiveCfg = Release|Any CPU
		{8CF587E3-89BA-4773-AA0A-87B8CB398101}.Release|Any CPU.Build.0 = Release|Any CPU
		{1B4AA80C-DBEA-4682-965A-40AD2E671A4C}.Debug|Any CPU.ActiveCfg = Debug|Any CPU
		{1B4AA80C-DBEA-4682-965A-40AD2E671A4C}.Debug|Any CPU.Build.0 = Debug|Any CPU
		{1B4AA80C-DBEA-4682-965A-40AD2E671A4C}.Release|Any CPU.ActiveCfg = Release|Any CPU
		{1B4AA80C-DBEA-4682-965A-40AD2E671A4C}.Release|Any CPU.Build.0 = Release|Any CPU
		{A12FD081-C81E-457C-967F-D84785662151}.Debug|Any CPU.ActiveCfg = Debug|Any CPU
		{A12FD081-C81E-457C-967F-D84785662151}.Debug|Any CPU.Build.0 = Debug|Any CPU
		{A12FD081-C81E-457C-967F-D84785662151}.Release|Any CPU.ActiveCfg = Release|Any CPU
		{A12FD081-C81E-457C-967F-D84785662151}.Release|Any CPU.Build.0 = Release|Any CPU
	EndGlobalSection
	GlobalSection(SolutionProperties) = preSolution
		HideSolutionNode = FALSE
	EndGlobalSection
	GlobalSection(ExtensibilityGlobals) = postSolution
		SolutionGuid = {F7E7CB9F-E356-4563-A521-6695A8E95E8C}
	EndGlobalSection
EndGlobal
