
Microsoft Visual Studio Solution File, Format Version 12.00
# Visual Studio Version 16
VisualStudioVersion = 16.0.30309.148
MinimumVisualStudioVersion = 10.0.40219.1
Project("{9A19103F-16F7-4668-BE54-9A1E7A4F7556}") = "Encapsulation", "Encapsulation\Encapsulation.csproj", "{3DA34278-1CC8-463D-8BE0-47F4E03547EA}"
EndProject
Project("{FAE04EC0-301F-11D3-BF4B-00C04F79EFBC}") = "Models", "Models\Models.csproj", "{E06A1CE4-25E5-4CA8-B608-ED6DF05A162D}"
EndProject
Global
	GlobalSection(SolutionConfigurationPlatforms) = preSolution
		Debug|Any CPU = Debug|Any CPU
		Release|Any CPU = Release|Any CPU
	EndGlobalSection
	GlobalSection(ProjectConfigurationPlatforms) = postSolution
		{3DA34278-1CC8-463D-8BE0-47F4E03547EA}.Debug|Any CPU.ActiveCfg = Debug|Any CPU
		{3DA34278-1CC8-463D-8BE0-47F4E03547EA}.Debug|Any CPU.Build.0 = Debug|Any CPU
		{3DA34278-1CC8-463D-8BE0-47F4E03547EA}.Release|Any CPU.ActiveCfg = Release|Any CPU
		{3DA34278-1CC8-463D-8BE0-47F4E03547EA}.Release|Any CPU.Build.0 = Release|Any CPU
		{E06A1CE4-25E5-4CA8-B608-ED6DF05A162D}.Debug|Any CPU.ActiveCfg = Debug|Any CPU
		{E06A1CE4-25E5-4CA8-B608-ED6DF05A162D}.Debug|Any CPU.Build.0 = Debug|Any CPU
		{E06A1CE4-25E5-4CA8-B608-ED6DF05A162D}.Release|Any CPU.ActiveCfg = Release|Any CPU
		{E06A1CE4-25E5-4CA8-B608-ED6DF05A162D}.Release|Any CPU.Build.0 = Release|Any CPU
	EndGlobalSection
	GlobalSection(SolutionProperties) = preSolution
		HideSolutionNode = FALSE
	EndGlobalSection
	GlobalSection(ExtensibilityGlobals) = postSolution
		SolutionGuid = {5B189DD6-743A-4A6E-AA5C-547E6A278390}
	EndGlobalSection
EndGlobal
