
Microsoft Visual Studio Solution File, Format Version 12.00
# Visual Studio Version 16
VisualStudioVersion = 16.0.30309.148
MinimumVisualStudioVersion = 10.0.40219.1
Project("{FAE04EC0-301F-11D3-BF4B-00C04F79EFBC}") = "Nothing", "ConsoleApp1\Nothing.csproj", "{F1805644-4A4A-4FCB-8663-0455389EA481}"
EndProject
Project("{FAE04EC0-301F-11D3-BF4B-00C04F79EFBC}") = "PointInRectangle", "PointInRectangle\PointInRectangle.csproj", "{418E59A4-D834-40E3-B92F-4B3412C0A38C}"
EndProject
Project("{FAE04EC0-301F-11D3-BF4B-00C04F79EFBC}") = "Hotel Reservation", "Hotel Reservation\Hotel Reservation.csproj", "{87396517-00FC-4B04-8FCF-2ED30195E875}"
EndProject
Global
	GlobalSection(SolutionConfigurationPlatforms) = preSolution
		Debug|Any CPU = Debug|Any CPU
		Release|Any CPU = Release|Any CPU
	EndGlobalSection
	GlobalSection(ProjectConfigurationPlatforms) = postSolution
		{F1805644-4A4A-4FCB-8663-0455389EA481}.Debug|Any CPU.ActiveCfg = Debug|Any CPU
		{F1805644-4A4A-4FCB-8663-0455389EA481}.Debug|Any CPU.Build.0 = Debug|Any CPU
		{F1805644-4A4A-4FCB-8663-0455389EA481}.Release|Any CPU.ActiveCfg = Release|Any CPU
		{F1805644-4A4A-4FCB-8663-0455389EA481}.Release|Any CPU.Build.0 = Release|Any CPU
		{418E59A4-D834-40E3-B92F-4B3412C0A38C}.Debug|Any CPU.ActiveCfg = Debug|Any CPU
		{418E59A4-D834-40E3-B92F-4B3412C0A38C}.Debug|Any CPU.Build.0 = Debug|Any CPU
		{418E59A4-D834-40E3-B92F-4B3412C0A38C}.Release|Any CPU.ActiveCfg = Release|Any CPU
		{418E59A4-D834-40E3-B92F-4B3412C0A38C}.Release|Any CPU.Build.0 = Release|Any CPU
		{87396517-00FC-4B04-8FCF-2ED30195E875}.Debug|Any CPU.ActiveCfg = Debug|Any CPU
		{87396517-00FC-4B04-8FCF-2ED30195E875}.Debug|Any CPU.Build.0 = Debug|Any CPU
		{87396517-00FC-4B04-8FCF-2ED30195E875}.Release|Any CPU.ActiveCfg = Release|Any CPU
		{87396517-00FC-4B04-8FCF-2ED30195E875}.Release|Any CPU.Build.0 = Release|Any CPU
	EndGlobalSection
	GlobalSection(SolutionProperties) = preSolution
		HideSolutionNode = FALSE
	EndGlobalSection
	GlobalSection(ExtensibilityGlobals) = postSolution
		SolutionGuid = {0D371109-C7A1-4F3C-A659-EDD952F9A1A9}
	EndGlobalSection
EndGlobal
