
Microsoft Visual Studio Solution File, Format Version 12.00
# Visual Studio Version 16
VisualStudioVersion = 16.0.30621.155
MinimumVisualStudioVersion = 10.0.40219.1
Project("{9A19103F-16F7-4668-BE54-9A1E7A4F7556}") = "01. Bombs", "01. Bombs\01. Bombs.csproj", "{4BF8A8A1-6124-4D8D-98D5-B3D8A9ECA606}"
EndProject
Project("{FAE04EC0-301F-11D3-BF4B-00C04F79EFBC}") = "02. Snake", "02. Snake\02. Snake.csproj", "{21962F47-5A41-4436-9AF2-F7A381A38AB1}"
EndProject
Global
	GlobalSection(SolutionConfigurationPlatforms) = preSolution
		Debug|Any CPU = Debug|Any CPU
		Release|Any CPU = Release|Any CPU
	EndGlobalSection
	GlobalSection(ProjectConfigurationPlatforms) = postSolution
		{4BF8A8A1-6124-4D8D-98D5-B3D8A9ECA606}.Debug|Any CPU.ActiveCfg = Debug|Any CPU
		{4BF8A8A1-6124-4D8D-98D5-B3D8A9ECA606}.Debug|Any CPU.Build.0 = Debug|Any CPU
		{4BF8A8A1-6124-4D8D-98D5-B3D8A9ECA606}.Release|Any CPU.ActiveCfg = Release|Any CPU
		{4BF8A8A1-6124-4D8D-98D5-B3D8A9ECA606}.Release|Any CPU.Build.0 = Release|Any CPU
		{21962F47-5A41-4436-9AF2-F7A381A38AB1}.Debug|Any CPU.ActiveCfg = Debug|Any CPU
		{21962F47-5A41-4436-9AF2-F7A381A38AB1}.Debug|Any CPU.Build.0 = Debug|Any CPU
		{21962F47-5A41-4436-9AF2-F7A381A38AB1}.Release|Any CPU.ActiveCfg = Release|Any CPU
		{21962F47-5A41-4436-9AF2-F7A381A38AB1}.Release|Any CPU.Build.0 = Release|Any CPU
	EndGlobalSection
	GlobalSection(SolutionProperties) = preSolution
		HideSolutionNode = FALSE
	EndGlobalSection
	GlobalSection(ExtensibilityGlobals) = postSolution
		SolutionGuid = {DD7BB873-6D9C-4275-A76E-F89FB7F46E1F}
	EndGlobalSection
EndGlobal
