
Microsoft Visual Studio Solution File, Format Version 12.00
# Visual Studio Version 16
VisualStudioVersion = 16.0.30309.148
MinimumVisualStudioVersion = 10.0.40219.1
Project("{9A19103F-16F7-4668-BE54-9A1E7A4F7556}") = "Polymorphism", "Polymorphism\Polymorphism.csproj", "{055BB1BE-D047-41FD-90C3-B9A4E617901C}"
EndProject
Project("{FAE04EC0-301F-11D3-BF4B-00C04F79EFBC}") = "Polymorphism2", "Polymorphism2\Polymorphism2.csproj", "{89A711A1-F268-470D-9527-9788B3028958}"
EndProject
Global
	GlobalSection(SolutionConfigurationPlatforms) = preSolution
		Debug|Any CPU = Debug|Any CPU
		Release|Any CPU = Release|Any CPU
	EndGlobalSection
	GlobalSection(ProjectConfigurationPlatforms) = postSolution
		{055BB1BE-D047-41FD-90C3-B9A4E617901C}.Debug|Any CPU.ActiveCfg = Debug|Any CPU
		{055BB1BE-D047-41FD-90C3-B9A4E617901C}.Debug|Any CPU.Build.0 = Debug|Any CPU
		{055BB1BE-D047-41FD-90C3-B9A4E617901C}.Release|Any CPU.ActiveCfg = Release|Any CPU
		{055BB1BE-D047-41FD-90C3-B9A4E617901C}.Release|Any CPU.Build.0 = Release|Any CPU
		{89A711A1-F268-470D-9527-9788B3028958}.Debug|Any CPU.ActiveCfg = Debug|Any CPU
		{89A711A1-F268-470D-9527-9788B3028958}.Debug|Any CPU.Build.0 = Debug|Any CPU
		{89A711A1-F268-470D-9527-9788B3028958}.Release|Any CPU.ActiveCfg = Release|Any CPU
		{89A711A1-F268-470D-9527-9788B3028958}.Release|Any CPU.Build.0 = Release|Any CPU
	EndGlobalSection
	GlobalSection(SolutionProperties) = preSolution
		HideSolutionNode = FALSE
	EndGlobalSection
	GlobalSection(ExtensibilityGlobals) = postSolution
		SolutionGuid = {08CFDB94-FF6F-42E5-B6E5-9C7157BA09D1}
	EndGlobalSection
EndGlobal
