
Microsoft Visual Studio Solution File, Format Version 12.00
# Visual Studio Version 16
VisualStudioVersion = 16.0.30621.155
MinimumVisualStudioVersion = 10.0.40219.1
Project("{9A19103F-16F7-4668-BE54-9A1E7A4F7556}") = "01. Flower Wreaths", "01. Flower Wreaths\01. Flower Wreaths.csproj", "{F42C2A38-3767-4A58-86E0-48084431DF17}"
EndProject
Project("{9A19103F-16F7-4668-BE54-9A1E7A4F7556}") = "02.Bee", "02.Bee\02.Bee.csproj", "{96BCED51-F0C2-41C5-9F79-E7F1EAB07852}"
EndProject
Project("{FAE04EC0-301F-11D3-BF4B-00C04F79EFBC}") = "02.Bee(2)", "02.Bee(2)\02.Bee(2).csproj", "{DEA07057-6E38-4EFE-8EBC-EF8AB987208A}"
EndProject
Global
	GlobalSection(SolutionConfigurationPlatforms) = preSolution
		Debug|Any CPU = Debug|Any CPU
		Release|Any CPU = Release|Any CPU
	EndGlobalSection
	GlobalSection(ProjectConfigurationPlatforms) = postSolution
		{F42C2A38-3767-4A58-86E0-48084431DF17}.Debug|Any CPU.ActiveCfg = Debug|Any CPU
		{F42C2A38-3767-4A58-86E0-48084431DF17}.Debug|Any CPU.Build.0 = Debug|Any CPU
		{F42C2A38-3767-4A58-86E0-48084431DF17}.Release|Any CPU.ActiveCfg = Release|Any CPU
		{F42C2A38-3767-4A58-86E0-48084431DF17}.Release|Any CPU.Build.0 = Release|Any CPU
		{96BCED51-F0C2-41C5-9F79-E7F1EAB07852}.Debug|Any CPU.ActiveCfg = Debug|Any CPU
		{96BCED51-F0C2-41C5-9F79-E7F1EAB07852}.Debug|Any CPU.Build.0 = Debug|Any CPU
		{96BCED51-F0C2-41C5-9F79-E7F1EAB07852}.Release|Any CPU.ActiveCfg = Release|Any CPU
		{96BCED51-F0C2-41C5-9F79-E7F1EAB07852}.Release|Any CPU.Build.0 = Release|Any CPU
		{DEA07057-6E38-4EFE-8EBC-EF8AB987208A}.Debug|Any CPU.ActiveCfg = Debug|Any CPU
		{DEA07057-6E38-4EFE-8EBC-EF8AB987208A}.Debug|Any CPU.Build.0 = Debug|Any CPU
		{DEA07057-6E38-4EFE-8EBC-EF8AB987208A}.Release|Any CPU.ActiveCfg = Release|Any CPU
		{DEA07057-6E38-4EFE-8EBC-EF8AB987208A}.Release|Any CPU.Build.0 = Release|Any CPU
	EndGlobalSection
	GlobalSection(SolutionProperties) = preSolution
		HideSolutionNode = FALSE
	EndGlobalSection
	GlobalSection(ExtensibilityGlobals) = postSolution
		SolutionGuid = {E32D7AA3-6EBF-4F68-B901-A10EE340FFA8}
	EndGlobalSection
EndGlobal
