
Microsoft Visual Studio Solution File, Format Version 12.00
# Visual Studio Version 16
VisualStudioVersion = 16.0.30621.155
MinimumVisualStudioVersion = 10.0.40219.1
Project("{9A19103F-16F7-4668-BE54-9A1E7A4F7556}") = "01. Activation Keys", "01. Activation Keys\01. Activation Keys.csproj", "{9C5C9B80-7609-488B-A83C-14FDD28ACF8B}"
EndProject
Project("{9A19103F-16F7-4668-BE54-9A1E7A4F7556}") = "02. Emoji Detector", "02. Emoji Detector\02. Emoji Detector.csproj", "{A18437D0-6EA8-4C94-8C19-7784891FC5A2}"
EndProject
Project("{FAE04EC0-301F-11D3-BF4B-00C04F79EFBC}") = "03. P!rates", "03. P!rates\03. P!rates.csproj", "{21744B23-B681-4351-8E8B-7D11C75B34BB}"
EndProject
Global
	GlobalSection(SolutionConfigurationPlatforms) = preSolution
		Debug|Any CPU = Debug|Any CPU
		Release|Any CPU = Release|Any CPU
	EndGlobalSection
	GlobalSection(ProjectConfigurationPlatforms) = postSolution
		{9C5C9B80-7609-488B-A83C-14FDD28ACF8B}.Debug|Any CPU.ActiveCfg = Debug|Any CPU
		{9C5C9B80-7609-488B-A83C-14FDD28ACF8B}.Debug|Any CPU.Build.0 = Debug|Any CPU
		{9C5C9B80-7609-488B-A83C-14FDD28ACF8B}.Release|Any CPU.ActiveCfg = Release|Any CPU
		{9C5C9B80-7609-488B-A83C-14FDD28ACF8B}.Release|Any CPU.Build.0 = Release|Any CPU
		{A18437D0-6EA8-4C94-8C19-7784891FC5A2}.Debug|Any CPU.ActiveCfg = Debug|Any CPU
		{A18437D0-6EA8-4C94-8C19-7784891FC5A2}.Debug|Any CPU.Build.0 = Debug|Any CPU
		{A18437D0-6EA8-4C94-8C19-7784891FC5A2}.Release|Any CPU.ActiveCfg = Release|Any CPU
		{A18437D0-6EA8-4C94-8C19-7784891FC5A2}.Release|Any CPU.Build.0 = Release|Any CPU
		{21744B23-B681-4351-8E8B-7D11C75B34BB}.Debug|Any CPU.ActiveCfg = Debug|Any CPU
		{21744B23-B681-4351-8E8B-7D11C75B34BB}.Debug|Any CPU.Build.0 = Debug|Any CPU
		{21744B23-B681-4351-8E8B-7D11C75B34BB}.Release|Any CPU.ActiveCfg = Release|Any CPU
		{21744B23-B681-4351-8E8B-7D11C75B34BB}.Release|Any CPU.Build.0 = Release|Any CPU
	EndGlobalSection
	GlobalSection(SolutionProperties) = preSolution
		HideSolutionNode = FALSE
	EndGlobalSection
	GlobalSection(ExtensibilityGlobals) = postSolution
		SolutionGuid = {27EC7FFD-96E9-469D-BC33-5259C2E5530A}
	EndGlobalSection
EndGlobal
