
Microsoft Visual Studio Solution File, Format Version 12.00
# Visual Studio Version 16
VisualStudioVersion = 16.0.30621.155
MinimumVisualStudioVersion = 10.0.40219.1
Project("{FAE04EC0-301F-11D3-BF4B-00C04F79EFBC}") = "ex1", "ex1\ex1.csproj", "{57FF78D3-A0B6-48CB-ADEB-C87776F5FA73}"
EndProject
Project("{FAE04EC0-301F-11D3-BF4B-00C04F79EFBC}") = "2.Loot", "2.Loot\2.Loot.csproj", "{4F9B3F77-F441-47F2-A30F-3892A3DAFE10}"
EndProject
Project("{FAE04EC0-301F-11D3-BF4B-00C04F79EFBC}") = "3.Messaging", "3.Messaging\3.Messaging.csproj", "{697FB406-7B5B-4BCC-9C09-470D4A25C3A5}"
EndProject
Global
	GlobalSection(SolutionConfigurationPlatforms) = preSolution
		Debug|Any CPU = Debug|Any CPU
		Release|Any CPU = Release|Any CPU
	EndGlobalSection
	GlobalSection(ProjectConfigurationPlatforms) = postSolution
		{57FF78D3-A0B6-48CB-ADEB-C87776F5FA73}.Debug|Any CPU.ActiveCfg = Debug|Any CPU
		{57FF78D3-A0B6-48CB-ADEB-C87776F5FA73}.Debug|Any CPU.Build.0 = Debug|Any CPU
		{57FF78D3-A0B6-48CB-ADEB-C87776F5FA73}.Release|Any CPU.ActiveCfg = Release|Any CPU
		{57FF78D3-A0B6-48CB-ADEB-C87776F5FA73}.Release|Any CPU.Build.0 = Release|Any CPU
		{4F9B3F77-F441-47F2-A30F-3892A3DAFE10}.Debug|Any CPU.ActiveCfg = Debug|Any CPU
		{4F9B3F77-F441-47F2-A30F-3892A3DAFE10}.Debug|Any CPU.Build.0 = Debug|Any CPU
		{4F9B3F77-F441-47F2-A30F-3892A3DAFE10}.Release|Any CPU.ActiveCfg = Release|Any CPU
		{4F9B3F77-F441-47F2-A30F-3892A3DAFE10}.Release|Any CPU.Build.0 = Release|Any CPU
		{697FB406-7B5B-4BCC-9C09-470D4A25C3A5}.Debug|Any CPU.ActiveCfg = Debug|Any CPU
		{697FB406-7B5B-4BCC-9C09-470D4A25C3A5}.Debug|Any CPU.Build.0 = Debug|Any CPU
		{697FB406-7B5B-4BCC-9C09-470D4A25C3A5}.Release|Any CPU.ActiveCfg = Release|Any CPU
		{697FB406-7B5B-4BCC-9C09-470D4A25C3A5}.Release|Any CPU.Build.0 = Release|Any CPU
	EndGlobalSection
	GlobalSection(SolutionProperties) = preSolution
		HideSolutionNode = FALSE
	EndGlobalSection
	GlobalSection(ExtensibilityGlobals) = postSolution
		SolutionGuid = {BE0E4386-7638-436C-A7F0-ABD1618C36FC}
	EndGlobalSection
EndGlobal
