
Microsoft Visual Studio Solution File, Format Version 12.00
# Visual Studio Version 16
VisualStudioVersion = 16.0.30621.155
MinimumVisualStudioVersion = 10.0.40219.1
Project("{FAE04EC0-301F-11D3-BF4B-00C04F79EFBC}") = "01. The Fight for Gondor", "01. The Fight for Gondor\01. The Fight for Gondor.csproj", "{45FAE090-F874-4BBA-A6EB-0EC99F1A8C42}"
EndProject
Project("{FAE04EC0-301F-11D3-BF4B-00C04F79EFBC}") = "02. Warships", "02. Warships\02. Warships.csproj", "{6E01FCAA-36C1-401B-8192-94CA7780D6DC}"
EndProject
Global
	GlobalSection(SolutionConfigurationPlatforms) = preSolution
		Debug|Any CPU = Debug|Any CPU
		Release|Any CPU = Release|Any CPU
	EndGlobalSection
	GlobalSection(ProjectConfigurationPlatforms) = postSolution
		{45FAE090-F874-4BBA-A6EB-0EC99F1A8C42}.Debug|Any CPU.ActiveCfg = Debug|Any CPU
		{45FAE090-F874-4BBA-A6EB-0EC99F1A8C42}.Debug|Any CPU.Build.0 = Debug|Any CPU
		{45FAE090-F874-4BBA-A6EB-0EC99F1A8C42}.Release|Any CPU.ActiveCfg = Release|Any CPU
		{45FAE090-F874-4BBA-A6EB-0EC99F1A8C42}.Release|Any CPU.Build.0 = Release|Any CPU
		{6E01FCAA-36C1-401B-8192-94CA7780D6DC}.Debug|Any CPU.ActiveCfg = Debug|Any CPU
		{6E01FCAA-36C1-401B-8192-94CA7780D6DC}.Debug|Any CPU.Build.0 = Debug|Any CPU
		{6E01FCAA-36C1-401B-8192-94CA7780D6DC}.Release|Any CPU.ActiveCfg = Release|Any CPU
		{6E01FCAA-36C1-401B-8192-94CA7780D6DC}.Release|Any CPU.Build.0 = Release|Any CPU
	EndGlobalSection
	GlobalSection(SolutionProperties) = preSolution
		HideSolutionNode = FALSE
	EndGlobalSection
	GlobalSection(ExtensibilityGlobals) = postSolution
		SolutionGuid = {951F4E8B-ABEC-4446-83A4-586D34D3E93D}
	EndGlobalSection
EndGlobal
