
Microsoft Visual Studio Solution File, Format Version 12.00
# Visual Studio Version 16
VisualStudioVersion = 16.0.30621.155
MinimumVisualStudioVersion = 10.0.40219.1
Project("{FAE04EC0-301F-11D3-BF4B-00C04F79EFBC}") = "01. Bonus Scoring System", "01. Bonus Scoring System\01. Bonus Scoring System.csproj", "{468230A3-1DCA-4B9F-AFC4-1EB3F005B7A1}"
EndProject
Project("{FAE04EC0-301F-11D3-BF4B-00C04F79EFBC}") = "02. MuOnline", "02. MuOnline\02. MuOnline.csproj", "{9286508C-0308-4C1D-BB5F-323BD4E43A09}"
EndProject
Project("{FAE04EC0-301F-11D3-BF4B-00C04F79EFBC}") = "03. Inventory", "03. Inventory\03. Inventory.csproj", "{6A9B5F98-93BA-4C9C-B08E-1793B046B2DF}"
EndProject
Global
	GlobalSection(SolutionConfigurationPlatforms) = preSolution
		Debug|Any CPU = Debug|Any CPU
		Release|Any CPU = Release|Any CPU
	EndGlobalSection
	GlobalSection(ProjectConfigurationPlatforms) = postSolution
		{468230A3-1DCA-4B9F-AFC4-1EB3F005B7A1}.Debug|Any CPU.ActiveCfg = Debug|Any CPU
		{468230A3-1DCA-4B9F-AFC4-1EB3F005B7A1}.Debug|Any CPU.Build.0 = Debug|Any CPU
		{468230A3-1DCA-4B9F-AFC4-1EB3F005B7A1}.Release|Any CPU.ActiveCfg = Release|Any CPU
		{468230A3-1DCA-4B9F-AFC4-1EB3F005B7A1}.Release|Any CPU.Build.0 = Release|Any CPU
		{9286508C-0308-4C1D-BB5F-323BD4E43A09}.Debug|Any CPU.ActiveCfg = Debug|Any CPU
		{9286508C-0308-4C1D-BB5F-323BD4E43A09}.Debug|Any CPU.Build.0 = Debug|Any CPU
		{9286508C-0308-4C1D-BB5F-323BD4E43A09}.Release|Any CPU.ActiveCfg = Release|Any CPU
		{9286508C-0308-4C1D-BB5F-323BD4E43A09}.Release|Any CPU.Build.0 = Release|Any CPU
		{6A9B5F98-93BA-4C9C-B08E-1793B046B2DF}.Debug|Any CPU.ActiveCfg = Debug|Any CPU
		{6A9B5F98-93BA-4C9C-B08E-1793B046B2DF}.Debug|Any CPU.Build.0 = Debug|Any CPU
		{6A9B5F98-93BA-4C9C-B08E-1793B046B2DF}.Release|Any CPU.ActiveCfg = Release|Any CPU
		{6A9B5F98-93BA-4C9C-B08E-1793B046B2DF}.Release|Any CPU.Build.0 = Release|Any CPU
	EndGlobalSection
	GlobalSection(SolutionProperties) = preSolution
		HideSolutionNode = FALSE
	EndGlobalSection
	GlobalSection(ExtensibilityGlobals) = postSolution
		SolutionGuid = {B40D405A-2AF3-4E8B-AEF5-8E39D792C413}
	EndGlobalSection
EndGlobal
